{
  "name": "@joe_six/smoothed-z-score-peak-signal-detection",
  "version": "0.0.1",
  "lockfileVersion": 1,
  "requires": true,
  "dependencies": {
    "csv-parse": {
      "version": "4.4.5",
      "resolved": "https://registry.npmjs.org/csv-parse/-/csv-parse-4.4.5.tgz",
      "integrity": "sha512-koPV9m9AjNJCK3ig4ErgRJalZsLxWI7NP0Fd3+CO9hgDZt3FSljTeESnfWTbyRc8qk/3/LgX1s5naDqLxiuK9w=="
    }
  }
}
