{
  "name": "@joe_six/smoothed-z-score-peak-signal-detection",
  "version": "0.1.2",
  "lockfileVersion": 2,
  "requires": true,
  "packages": {
    "": {
      "name": "@joe_six/smoothed-z-score-peak-signal-detection",
      "version": "0.1.2",
      "license": "MIT",
      "dependencies": {
        "csv-parse": "^4.4.3"
      },
      "bin": {
        "smoothed-z-score-demo": "bin/smoothed-z-score.js"
      }
    },
    "node_modules/csv-parse": {
      "version": "4.4.6",
      "resolved": "https://registry.npmjs.org/csv-parse/-/csv-parse-4.4.6.tgz",
      "integrity": "sha512-VisC5TBBhOF+70zjrF9FOiqI2LZOhXK/vAWlOrqyqz3lLa+P8jzJ7L/sg90MHmkSY/brAXWwrmGSZR0tM5yi4g=="
    }
  },
  "dependencies": {
    "csv-parse": {
      "version": "4.4.6",
      "resolved": "https://registry.npmjs.org/csv-parse/-/csv-parse-4.4.6.tgz",
      "integrity": "sha512-VisC5TBBhOF+70zjrF9FOiqI2LZOhXK/vAWlOrqyqz3lLa+P8jzJ7L/sg90MHmkSY/brAXWwrmGSZR0tM5yi4g=="
    }
  }
}
