{
  "name": "@joe_six/smoothed-z-score-peak-signal-detection",
  "version": "0.1.1",
  "lockfileVersion": 2,
  "requires": true,
  "packages": {
    "": {
      "name": "@joe_six/smoothed-z-score-peak-signal-detection",
      "version": "0.1.1",
      "license": "MIT",
      "dependencies": {
        "@joe_six/smoothed-z-score-peak-signal-detection": "^0.1.1",
        "csv-parse": "^4.4.3"
      },
      "bin": {
        "smoothed-z-score-demo": "bin/smoothed-z-score.js"
      }
    },
    "node_modules/@joe_six/smoothed-z-score-peak-signal-detection": {
      "version": "0.1.1",
      "resolved": "https://registry.npmjs.org/@joe_six/smoothed-z-score-peak-signal-detection/-/smoothed-z-score-peak-signal-detection-0.1.1.tgz",
      "integrity": "sha512-9ORSQKsdZdg+u/lZwkDH6EMCsISuvucFCiEHj/xI7s0iLuPDXG4sCj6agfKcTee3hmeNLpsMJJ4oyUGjmZtCEQ==",
      "dependencies": {
        "csv-parse": "^4.4.3"
      },
      "bin": {
        "smoothed-z-score-demo": "bin/smoothed-z-score.js"
      }
    },
    "node_modules/csv-parse": {
      "version": "4.4.6",
      "resolved": "https://registry.npmjs.org/csv-parse/-/csv-parse-4.4.6.tgz",
      "integrity": "sha512-VisC5TBBhOF+70zjrF9FOiqI2LZOhXK/vAWlOrqyqz3lLa+P8jzJ7L/sg90MHmkSY/brAXWwrmGSZR0tM5yi4g=="
    }
  },
  "dependencies": {
    "@joe_six/smoothed-z-score-peak-signal-detection": {
      "version": "0.1.1",
      "resolved": "https://registry.npmjs.org/@joe_six/smoothed-z-score-peak-signal-detection/-/smoothed-z-score-peak-signal-detection-0.1.1.tgz",
      "integrity": "sha512-9ORSQKsdZdg+u/lZwkDH6EMCsISuvucFCiEHj/xI7s0iLuPDXG4sCj6agfKcTee3hmeNLpsMJJ4oyUGjmZtCEQ==",
      "requires": {
        "csv-parse": "^4.4.3"
      }
    },
    "csv-parse": {
      "version": "4.4.6",
      "resolved": "https://registry.npmjs.org/csv-parse/-/csv-parse-4.4.6.tgz",
      "integrity": "sha512-VisC5TBBhOF+70zjrF9FOiqI2LZOhXK/vAWlOrqyqz3lLa+P8jzJ7L/sg90MHmkSY/brAXWwrmGSZR0tM5yi4g=="
    }
  }
}
